// !$*UTF8*$!
{
	archiveVersion = 1;
	classes = {
	};
	objectVersion = 46;
	objects = {

/* Begin PBXBuildFile section */
		8F0C21AC1D06D0CF004C5E19 /* AppDelegate.swift in Sources */ = {isa = PBXBuildFile; fileRef = 8F0C21AB1D06D0CF004C5E19 /* AppDelegate.swift */; };
		8F0C21AE1D06D0CF004C5E19 /* Assets.xcassets in Resources */ = {isa = PBXBuildFile; fileRef = 8F0C21AD1D06D0CF004C5E19 /* Assets.xcassets */; };
		8F0C21B11D06D0CF004C5E19 /* MainMenu.xib in Resources */ = {isa = PBXBuildFile; fileRef = 8F0C21AF1D06D0CF004C5E19 /* MainMenu.xib */; };
		8F0C21B91D06D129004C5E19 /* ASHUD.swift in Sources */ = {isa = PBXBuildFile; fileRef = 8F0C21B81D06D129004C5E19 /* ASHUD.swift */; };
		8F0C21BB1D06D180004C5E19 /* ASTimeUtils.swift in Sources */ = {isa = PBXBuildFile; fileRef = 8F0C21BA1D06D180004C5E19 /* ASTimeUtils.swift */; };
/* End PBXBuildFile section */

/* Begin PBXFileReference section */
		8F0C21A81D06D0CF004C5E19 /* ASHUD-Example.app */ = {isa = PBXFileReference; explicitFileType = wrapper.application; includeInIndex = 0; path = "ASHUD-Example.app"; sourceTree = BUILT_PRODUCTS_DIR; };
		8F0C21AB1D06D0CF004C5E19 /* AppDelegate.swift */ = {isa = PBXFileReference; lastKnownFileType = sourcecode.swift; path = AppDelegate.swift; sourceTree = "<group>"; };
		8F0C21AD1D06D0CF004C5E19 /* Assets.xcassets */ = {isa = PBXFileReference; lastKnownFileType = folder.assetcatalog; path = Assets.xcassets; sourceTree = "<group>"; };
		8F0C21B01D06D0CF004C5E19 /* Base */ = {isa = PBXFileReference; lastKnownFileType = file.xib; name = Base; path = Base.lproj/MainMenu.xib; sourceTree = "<group>"; };
		8F0C21B21D06D0CF004C5E19 /* Info.plist */ = {isa = PBXFileReference; lastKnownFileType = text.plist.xml; path = Info.plist; sourceTree = "<group>"; };
		8F0C21B81D06D129004C5E19 /* ASHUD.swift */ = {isa = PBXFileReference; fileEncoding = 4; lastKnownFileType = sourcecode.swift; path = ASHUD.swift; sourceTree = "<group>"; };
		8F0C21BA1D06D180004C5E19 /* ASTimeUtils.swift */ = {isa = PBXFileReference; fileEncoding = 4; lastKnownFileType = sourcecode.swift; path = ASTimeUtils.swift; sourceTree = "<group>"; };
/* End PBXFileReference section */

/* Begin PBXFrameworksBuildPhase section */
		8F0C21A51D06D0CF004C5E19 /* Frameworks */ = {
			isa = PBXFrameworksBuildPhase;
			buildActionMask = 2147483647;
			files = (
			);
			runOnlyForDeploymentPostprocessing = 0;
		};
/* End PBXFrameworksBuildPhase section */

/* Begin PBXGroup section */
		8F0C219F1D06D0CF004C5E19 = {
			isa = PBXGroup;
			children = (
				8F0C21AA1D06D0CF004C5E19 /* ASHUD-Example */,
				8F0C21A91D06D0CF004C5E19 /* Products */,
			);
			sourceTree = "<group>";
		};
		8F0C21A91D06D0CF004C5E19 /* Products */ = {
			isa = PBXGroup;
			children = (
				8F0C21A81D06D0CF004C5E19 /* ASHUD-Example.app */,
			);
			name = Products;
			sourceTree = "<group>";
		};
		8F0C21AA1D06D0CF004C5E19 /* ASHUD-Example */ = {
			isa = PBXGroup;
			children = (
				8F0C21BA1D06D180004C5E19 /* ASTimeUtils.swift */,
				8F0C21B81D06D129004C5E19 /* ASHUD.swift */,
				8F0C21AB1D06D0CF004C5E19 /* AppDelegate.swift */,
				8F0C21AD1D06D0CF004C5E19 /* Assets.xcassets */,
				8F0C21AF1D06D0CF004C5E19 /* MainMenu.xib */,
				8F0C21B21D06D0CF004C5E19 /* Info.plist */,
			);
			path = "ASHUD-Example";
			sourceTree = "<group>";
		};
/* End PBXGroup section */

/* Begin PBXNativeTarget section */
		8F0C21A71D06D0CF004C5E19 /* ASHUD-Example */ = {
			isa = PBXNativeTarget;
			buildConfigurationList = 8F0C21B51D06D0CF004C5E19 /* Build configuration list for PBXNativeTarget "ASHUD-Example" */;
			buildPhases = (
				8F0C21A41D06D0CF004C5E19 /* Sources */,
				8F0C21A51D06D0CF004C5E19 /* Frameworks */,
				8F0C21A61D06D0CF004C5E19 /* Resources */,
			);
			buildRules = (
			);
			dependencies = (
			);
			name = "ASHUD-Example";
			productName = "ASHUD-Example";
			productReference = 8F0C21A81D06D0CF004C5E19 /* ASHUD-Example.app */;
			productType = "com.apple.product-type.application";
		};
/* End PBXNativeTarget section */

/* Begin PBXProject section */
		8F0C21A01D06D0CF004C5E19 /* Project object */ = {
			isa = PBXProject;
			attributes = {
				LastSwiftUpdateCheck = 0730;
				LastUpgradeCheck = 0730;
				ORGANIZATIONNAME = antscript;
				TargetAttributes = {
					8F0C21A71D06D0CF004C5E19 = {
						CreatedOnToolsVersion = 7.3.1;
					};
				};
			};
			buildConfigurationList = 8F0C21A31D06D0CF004C5E19 /* Build configuration list for PBXProject "ASHUD-Example" */;
			compatibilityVersion = "Xcode 3.2";
			developmentRegion = English;
			hasScannedForEncodings = 0;
			knownRegions = (
				en,
				Base,
			);
			mainGroup = 8F0C219F1D06D0CF004C5E19;
			productRefGroup = 8F0C21A91D06D0CF004C5E19 /* Products */;
			projectDirPath = "";
			projectRoot = "";
			targets = (
				8F0C21A71D06D0CF004C5E19 /* ASHUD-Example */,
			);
		};
/* End PBXProject section */

/* Begin PBXResourcesBuildPhase section */
		8F0C21A61D06D0CF004C5E19 /* Resources */ = {
			isa = PBXResourcesBuildPhase;
			buildActionMask = 2147483647;
			files = (
				8F0C21AE1D06D0CF004C5E19 /* Assets.xcassets in Resources */,
				8F0C21B11D06D0CF004C5E19 /* MainMenu.xib in Resources */,
			);
			runOnlyForDeploymentPostprocessing = 0;
		};
/* End PBXResourcesBuildPhase section */

/* Begin PBXSourcesBuildPhase section */
		8F0C21A41D06D0CF004C5E19 /* Sources */ = {
			isa = PBXSourcesBuildPhase;
			buildActionMask = 2147483647;
			files = (
				8F0C21AC1D06D0CF004C5E19 /* AppDelegate.swift in Sources */,
				8F0C21B91D06D129004C5E19 /* ASHUD.swift in Sources */,
				8F0C21BB1D06D180004C5E19 /* ASTimeUtils.swift in Sources */,
			);
			runOnlyForDeploymentPostprocessing = 0;
		};
/* End PBXSourcesBuildPhase section */

/* Begin PBXVariantGroup section */
		8F0C21AF1D06D0CF004C5E19 /* MainMenu.xib */ = {
			isa = PBXVariantGroup;
			children = (
				8F0C21B01D06D0CF004C5E19 /* Base */,
			);
			name = MainMenu.xib;
			sourceTree = "<group>";
		};
/* End PBXVariantGroup section */

/* Begin XCBuildConfiguration section */
		8F0C21B31D06D0CF004C5E19 /* Debug */ = {
			isa = XCBuildConfiguration;
			buildSettings = {
				ALWAYS_SEARCH_USER_PATHS = NO;
				CLANG_ANALYZER_NONNULL = YES;
				CLANG_CXX_LANGUAGE_STANDARD = "gnu++0x";
				CLANG_CXX_LIBRARY = "libc++";
				CLANG_ENABLE_MODULES = YES;
				CLANG_ENABLE_OBJC_ARC = YES;
				CLANG_WARN_BOOL_CONVERSION = YES;
				CLANG_WARN_CONSTANT_CONVERSION = YES;
				CLANG_WARN_DIRECT_OBJC_ISA_USAGE = YES_ERROR;
				CLANG_WARN_EMPTY_BODY = YES;
				CLANG_WARN_ENUM_CONVERSION = YES;
				CLANG_WARN_INT_CONVERSION = YES;
				CLANG_WARN_OBJC_ROOT_CLASS = YES_ERROR;
				CLANG_WARN_UNREACHABLE_CODE = YES;
				CLANG_WARN__DUPLICATE_METHOD_MATCH = YES;
				CODE_SIGN_IDENTITY = "-";
				COPY_PHASE_STRIP = NO;
				DEBUG_INFORMATION_FORMAT = dwarf;
				ENABLE_STRICT_OBJC_MSGSEND = YES;
				ENABLE_TESTABILITY = YES;
				GCC_C_LANGUAGE_STANDARD = gnu99;
				GCC_DYNAMIC_NO_PIC = NO;
				GCC_NO_COMMON_BLOCKS = YES;
				GCC_OPTIMIZATION_LEVEL = 0;
				GCC_PREPROCESSOR_DEFINITIONS = (
					"DEBUG=1",
					"$(inherited)",
				);
				GCC_WARN_64_TO_32_BIT_CONVERSION = YES;
				GCC_WARN_ABOUT_RETURN_TYPE = YES_ERROR;
				GCC_WARN_UNDECLARED_SELECTOR = YES;
				GCC_WARN_UNINITIALIZED_AUTOS = YES_AGGRESSIVE;
				GCC_WARN_UNUSED_FUNCTION = YES;
				GCC_WARN_UNUSED_VARIABLE = YES;
				MACOSX_DEPLOYMENT_TARGET = 10.11;
				MTL_ENABLE_DEBUG_INFO = YES;
				ONLY_ACTIVE_ARCH = YES;
				SDKROOT = macosx;
				SWIFT_OPTIMIZATION_LEVEL = "-Onone";
			};
			name = Debug;
		};
		8F0C21B41D06D0CF004C5E19 /* Release */ = {
			isa = XCBuildConfiguration;
			buildSettings = {
				ALWAYS_SEARCH_USER_PATHS = NO;
				CLANG_ANALYZER_NONNULL = YES;
				CLANG_CXX_LANGUAGE_STANDARD = "gnu++0x";
				CLANG_CXX_LIBRARY = "libc++";
				CLANG_ENABLE_MODULES = YES;
				CLANG_ENABLE_OBJC_ARC = YES;
				CLANG_WARN_BOOL_CONVERSION = YES;
				CLANG_WARN_CONSTANT_CONVERSION = YES;
				CLANG_WARN_DIRECT_OBJC_ISA_USAGE = YES_ERROR;
				CLANG_WARN_EMPTY_BODY = YES;
				CLANG_WARN_ENUM_CONVERSION = YES;
				CLANG_WARN_INT_CONVERSION = YES;
				CLANG_WARN_OBJC_ROOT_CLASS = YES_ERROR;
				CLANG_WARN_UNREACHABLE_CODE = YES;
				CLANG_WARN__DUPLICATE_METHOD_MATCH = YES;
				CODE_SIGN_IDENTITY = "-";
				COPY_PHASE_STRIP = NO;
				DEBUG_INFORMATION_FORMAT = "dwarf-with-dsym";
				ENABLE_NS_ASSERTIONS = NO;
				ENABLE_STRICT_OBJC_MSGSEND = YES;
				GCC_C_LANGUAGE_STANDARD = gnu99;
				GCC_NO_COMMON_BLOCKS = YES;
				GCC_WARN_64_TO_32_BIT_CONVERSION = YES;
				GCC_WARN_ABOUT_RETURN_TYPE = YES_ERROR;
				GCC_WARN_UNDECLARED_SELECTOR = YES;
				GCC_WARN_UNINITIALIZED_AUTOS = YES_AGGRESSIVE;
				GCC_WARN_UNUSED_FUNCTION = YES;
				GCC_WARN_UNUSED_VARIABLE = YES;
				MACOSX_DEPLOYMENT_TARGET = 10.11;
				MTL_ENABLE_DEBUG_INFO = NO;
				SDKROOT = macosx;
			};
			name = Release;
		};
		8F0C21B61D06D0CF004C5E19 /* Debug */ = {
			isa = XCBuildConfiguration;
			buildSettings = {
				ASSETCATALOG_COMPILER_APPICON_NAME = AppIcon;
				COMBINE_HIDPI_IMAGES = YES;
				INFOPLIST_FILE = "ASHUD-Example/Info.plist";
				LD_RUNPATH_SEARCH_PATHS = "$(inherited) @executable_path/../Frameworks";
				PRODUCT_BUNDLE_IDENTIFIER = "com.antscript.ASHUD-Example";
				PRODUCT_NAME = "$(TARGET_NAME)";
			};
			name = Debug;
		};
		8F0C21B71D06D0CF004C5E19 /* Release */ = {
			isa = XCBuildConfiguration;
			buildSettings = {
				ASSETCATALOG_COMPILER_APPICON_NAME = AppIcon;
				COMBINE_HIDPI_IMAGES = YES;
				INFOPLIST_FILE = "ASHUD-Example/Info.plist";
				LD_RUNPATH_SEARCH_PATHS = "$(inherited) @executable_path/../Frameworks";
				PRODUCT_BUNDLE_IDENTIFIER = "com.antscript.ASHUD-Example";
				PRODUCT_NAME = "$(TARGET_NAME)";
			};
			name = Release;
		};
/* End XCBuildConfiguration section */

/* Begin XCConfigurationList section */
		8F0C21A31D06D0CF004C5E19 /* Build configuration list for PBXProject "ASHUD-Example" */ = {
			isa = XCConfigurationList;
			buildConfigurations = (
				8F0C21B31D06D0CF004C5E19 /* Debug */,
				8F0C21B41D06D0CF004C5E19 /* Release */,
			);
			defaultConfigurationIsVisible = 0;
			defaultConfigurationName = Release;
		};
		8F0C21B51D06D0CF004C5E19 /* Build configuration list for PBXNativeTarget "ASHUD-Example" */ = {
			isa = XCConfigurationList;
			buildConfigurations = (
				8F0C21B61D06D0CF004C5E19 /* Debug */,
				8F0C21B71D06D0CF004C5E19 /* Release */,
			);
			defaultConfigurationIsVisible = 0;
			defaultConfigurationName = Release;
		};
/* End XCConfigurationList section */
	};
	rootObject = 8F0C21A01D06D0CF004C5E19 /* Project object */;
}
